
Microsoft Visual Studio Solution File, Format Version 12.00
# Visual Studio 15
VisualStudioVersion = 15.0.26228.4
MinimumVisualStudioVersion = 10.0.40219.1
Project("{FAE04EC0-301F-11D3-BF4B-00C04F79EFBC}") = "ec_encrypt", "ecencryptdotnet\ec_encrypt.csproj", "{9CAD0260-8EE3-4764-A682-4610D4C14FDD}"
EndProject
Project("{FAE04EC0-301F-11D3-BF4B-00C04F79EFBC}") = "ecencryptstdlib", "ecencryptstdlib\ecencryptstdlib.csproj", "{27EBCE99-A546-47F2-81FF-A357E4828E71}"
EndProject
Project("{FAE04EC0-301F-11D3-BF4B-00C04F79EFBC}") = "ec_encryptcore", "ec_encryptcore\ec_encryptcore.csproj", "{0DCA1C50-DDF8-4CE0-A116-65E98B627F5A}"
EndProject
Global
	GlobalSection(SolutionConfigurationPlatforms) = preSolution
		Debug|Any CPU = Debug|Any CPU
		Release|Any CPU = Release|Any CPU
	EndGlobalSection
	GlobalSection(ProjectConfigurationPlatforms) = postSolution
		{9CAD0260-8EE3-4764-A682-4610D4C14FDD}.Debug|Any CPU.ActiveCfg = Debug|Any CPU
		{9CAD0260-8EE3-4764-A682-4610D4C14FDD}.Debug|Any CPU.Build.0 = Debug|Any CPU
		{9CAD0260-8EE3-4764-A682-4610D4C14FDD}.Release|Any CPU.ActiveCfg = Release|Any CPU
		{9CAD0260-8EE3-4764-A682-4610D4C14FDD}.Release|Any CPU.Build.0 = Release|Any CPU
		{27EBCE99-A546-47F2-81FF-A357E4828E71}.Debug|Any CPU.ActiveCfg = Debug|Any CPU
		{27EBCE99-A546-47F2-81FF-A357E4828E71}.Debug|Any CPU.Build.0 = Debug|Any CPU
		{27EBCE99-A546-47F2-81FF-A357E4828E71}.Release|Any CPU.ActiveCfg = Release|Any CPU
		{27EBCE99-A546-47F2-81FF-A357E4828E71}.Release|Any CPU.Build.0 = Release|Any CPU
		{0DCA1C50-DDF8-4CE0-A116-65E98B627F5A}.Debug|Any CPU.ActiveCfg = Debug|Any CPU
		{0DCA1C50-DDF8-4CE0-A116-65E98B627F5A}.Debug|Any CPU.Build.0 = Debug|Any CPU
		{0DCA1C50-DDF8-4CE0-A116-65E98B627F5A}.Release|Any CPU.ActiveCfg = Release|Any CPU
		{0DCA1C50-DDF8-4CE0-A116-65E98B627F5A}.Release|Any CPU.Build.0 = Release|Any CPU
	EndGlobalSection
	GlobalSection(SolutionProperties) = preSolution
		HideSolutionNode = FALSE
	EndGlobalSection
EndGlobal
